
PODS:
- A2DynamicDelegate (2.0.2):
  - libffi
- AFNetworking (1.0)
- BlocksKit (1.5.2):
  - A2DynamicDelegate
- DSFavIconManager (0.10.0)
- INAppStoreWindow (1.1)
- JRSwizzle (1.0)
- MAKVONotificationCenter (HEAD based on 0.0.1)
- MagicalRecord (2.0.3)
- PXSourceList (0.8)
- ReactiveCocoa (0.6.0):
  - JRSwizzle (~> 1.0)
- libffi (3.0.11)

DEPENDENCIES:
- AFNetworking
- BlocksKit
- DSFavIconManager
- INAppStoreWindow
- MAKVONotificationCenter (HEAD)
- MagicalRecord
- PXSourceList
- ReactiveCocoa

SPEC CHECKSUMS:
  A2DynamicDelegate: 013b345f1aca891ded67a95c1512fad677c260a9
  AFNetworking: e9e0911a6afd846691672a4d832fb531e8bae72f
  BlocksKit: 12fbe889d9f8cc66adf5c9bd4cb0606071f214f2
  DSFavIconManager: fc25bfc913797f8696b351f91ab9a6f0ace8abbc
  INAppStoreWindow: 77f15fd07261a79ae443124927c94ad30905d900
  JRSwizzle: 6242ff38485d870fc2636899048ee1ab883ae587
  MAKVONotificationCenter: 4540e226e809a110ecf2629d3afd375a5beb086a
  MagicalRecord: bab76c152f93668a25cf1b697e1f469f4c3bf691
  PXSourceList: 80a590e03f84221c62652a9b955b1d90b1807261
  ReactiveCocoa: 172671064cb38a27d5f7a7cd8d3c3e24025480c6
  libffi: 8a1d9ba43c0c84b546b42c6f742714e73aa07ae1

COCOAPODS: 0.14.0
