// !$*UTF8*$!
{
	archiveVersion = 1;
	classes = {
	};
	objectVersion = 46;
	objects = {

/* Begin PBXBuildFile section */
		094B011CF38442FFB173D883 /* libPods.a in Frameworks */ = {isa = PBXBuildFile; fileRef = 12CF706AD7304DBD919F6B98 /* libPods.a */; };
		E51E608A15F9647400D4DF27 /* Foundation.framework in Frameworks */ = {isa = PBXBuildFile; fileRef = E51E608915F9647400D4DF27 /* Foundation.framework */; };
		E51E609015F9647400D4DF27 /* InfoPlist.strings in Resources */ = {isa = PBXBuildFile; fileRef = E51E608E15F9647400D4DF27 /* InfoPlist.strings */; };
		E51E609315F9647400D4DF27 /* main.m in Sources */ = {isa = PBXBuildFile; fileRef = E51E609215F9647400D4DF27 /* main.m */; };
		E51E609C15F965B800D4DF27 /* org.cocoapods.macrubyservice.xpc in Copy XPC Services */ = {isa = PBXBuildFile; fileRef = E51E608815F9647400D4DF27 /* org.cocoapods.macrubyservice.xpc */; };
		E521039415FE239200127C9B /* ruby in CopyFiles */ = {isa = PBXBuildFile; fileRef = E521039215FE235B00127C9B /* ruby */; };
		E521039515FE239500127C9B /* gems in CopyFiles */ = {isa = PBXBuildFile; fileRef = E521039015FE235500127C9B /* gems */; };
		E521F73315FE221F00127C9B /* pod in Copy Ruby Executables */ = {isa = PBXBuildFile; fileRef = E521F73115FE221F00127C9B /* pod */; };
		E521F73415FE221F00127C9B /* ruby in Copy Ruby Executables */ = {isa = PBXBuildFile; fileRef = E521F73215FE221F00127C9B /* ruby */; };
		E536203B15F580E400C2D4CC /* CPSpec.m in Sources */ = {isa = PBXBuildFile; fileRef = E536203A15F580E400C2D4CC /* CPSpec.m */; };
		E54B9AE115F97DBA00AB19D3 /* MacRuby.framework in Frameworks */ = {isa = PBXBuildFile; fileRef = E54B9AE015F97DBA00AB19D3 /* MacRuby.framework */; };
		E54B9AE915F9818C00AB19D3 /* rb_main.rb in Resources */ = {isa = PBXBuildFile; fileRef = E54B9AE315F97E2400AB19D3 /* rb_main.rb */; };
		E555F02615FD0BBC00167373 /* CoreData.framework in Frameworks */ = {isa = PBXBuildFile; fileRef = E591DA8215F27BB0006FB638 /* CoreData.framework */; };
		E555F06115FD10A100167373 /* CocoaPodsApp.xcdatamodeld in Sources */ = {isa = PBXBuildFile; fileRef = E555F05F15FD10A100167373 /* CocoaPodsApp.xcdatamodeld */; };
		E5844BB015F9AFF0006FA83A /* AbstractExportedObject.m in Sources */ = {isa = PBXBuildFile; fileRef = E543D31E15F96F6C00A239B4 /* AbstractExportedObject.m */; };
		E591DA7F15F27BB0006FB638 /* Cocoa.framework in Frameworks */ = {isa = PBXBuildFile; fileRef = E591DA7E15F27BB0006FB638 /* Cocoa.framework */; };
		E591DA8915F27BB0006FB638 /* InfoPlist.strings in Resources */ = {isa = PBXBuildFile; fileRef = E591DA8715F27BB0006FB638 /* InfoPlist.strings */; };
		E591DA8B15F27BB0006FB638 /* main.m in Sources */ = {isa = PBXBuildFile; fileRef = E591DA8A15F27BB0006FB638 /* main.m */; };
		E591DA8F15F27BB0006FB638 /* Credits.rtf in Resources */ = {isa = PBXBuildFile; fileRef = E591DA8D15F27BB0006FB638 /* Credits.rtf */; };
		E591DA9215F27BB0006FB638 /* CPAppDelegate.m in Sources */ = {isa = PBXBuildFile; fileRef = E591DA9115F27BB0006FB638 /* CPAppDelegate.m */; };
		E591DA9515F27BB0006FB638 /* MainMenu.xib in Resources */ = {isa = PBXBuildFile; fileRef = E591DA9315F27BB0006FB638 /* MainMenu.xib */; };
		E591DA9C15F27C5F006FB638 /* Icon.icns in Resources */ = {isa = PBXBuildFile; fileRef = E591DA9B15F27C5F006FB638 /* Icon.icns */; };
		E591E21D15F297AA006FB638 /* CPPodsTableView.m in Sources */ = {isa = PBXBuildFile; fileRef = E591E21C15F297AA006FB638 /* CPPodsTableView.m */; };
		E591E22115F29A0F006FB638 /* CPSpecTableViewCell.m in Sources */ = {isa = PBXBuildFile; fileRef = E591E22015F29A0F006FB638 /* CPSpecTableViewCell.m */; };
		E5C6F3E215FBA7CF0038976B /* exported_object.rb in Resources */ = {isa = PBXBuildFile; fileRef = E5C6F3E115FBA7CF0038976B /* exported_object.rb */; };
		E5C6F3E415FBB2050038976B /* ScriptingBridge.framework in Frameworks */ = {isa = PBXBuildFile; fileRef = E5C6F3E315FBB2050038976B /* ScriptingBridge.framework */; };
/* End PBXBuildFile section */

/* Begin PBXContainerItemProxy section */
		E51E609D15F965C600D4DF27 /* PBXContainerItemProxy */ = {
			isa = PBXContainerItemProxy;
			containerPortal = E591DA7115F27BAF006FB638 /* Project object */;
			proxyType = 1;
			remoteGlobalIDString = E51E608715F9647400D4DF27;
			remoteInfo = MacRubyService;
		};
/* End PBXContainerItemProxy section */

/* Begin PBXCopyFilesBuildPhase section */
		E51E609B15F9657300D4DF27 /* Copy XPC Services */ = {
			isa = PBXCopyFilesBuildPhase;
			buildActionMask = 2147483647;
			dstPath = Contents/XPCServices;
			dstSubfolderSpec = 1;
			files = (
				E51E609C15F965B800D4DF27 /* org.cocoapods.macrubyservice.xpc in Copy XPC Services */,
			);
			name = "Copy XPC Services";
			runOnlyForDeploymentPostprocessing = 0;
		};
		E521F73015FE221300127C9B /* Copy Ruby Executables */ = {
			isa = PBXCopyFilesBuildPhase;
			buildActionMask = 2147483647;
			dstPath = "";
			dstSubfolderSpec = 6;
			files = (
				E521F73315FE221F00127C9B /* pod in Copy Ruby Executables */,
				E521F73415FE221F00127C9B /* ruby in Copy Ruby Executables */,
			);
			name = "Copy Ruby Executables";
			runOnlyForDeploymentPostprocessing = 0;
		};
		E521F73515FE223E00127C9B /* CopyFiles */ = {
			isa = PBXCopyFilesBuildPhase;
			buildActionMask = 2147483647;
			dstPath = "";
			dstSubfolderSpec = 10;
			files = (
				E521039415FE239200127C9B /* ruby in CopyFiles */,
				E521039515FE239500127C9B /* gems in CopyFiles */,
			);
			runOnlyForDeploymentPostprocessing = 0;
		};
/* End PBXCopyFilesBuildPhase section */

/* Begin PBXFileReference section */
		12CF706AD7304DBD919F6B98 /* libPods.a */ = {isa = PBXFileReference; explicitFileType = archive.ar; includeInIndex = 0; path = libPods.a; sourceTree = BUILT_PRODUCTS_DIR; };
		C453DA64E3B8423FB942292C /* Pods.xcconfig */ = {isa = PBXFileReference; includeInIndex = 1; lastKnownFileType = text.xcconfig; name = Pods.xcconfig; path = Pods/Pods.xcconfig; sourceTree = SOURCE_ROOT; };
		E51E608815F9647400D4DF27 /* org.cocoapods.macrubyservice.xpc */ = {isa = PBXFileReference; explicitFileType = wrapper.cfbundle; includeInIndex = 0; path = org.cocoapods.macrubyservice.xpc; sourceTree = BUILT_PRODUCTS_DIR; };
		E51E608915F9647400D4DF27 /* Foundation.framework */ = {isa = PBXFileReference; lastKnownFileType = wrapper.framework; name = Foundation.framework; path = System/Library/Frameworks/Foundation.framework; sourceTree = SDKROOT; };
		E51E608D15F9647400D4DF27 /* MacRubyService-Info.plist */ = {isa = PBXFileReference; lastKnownFileType = text.plist.xml; path = "MacRubyService-Info.plist"; sourceTree = "<group>"; };
		E51E608F15F9647400D4DF27 /* en */ = {isa = PBXFileReference; lastKnownFileType = text.plist.strings; name = en; path = en.lproj/InfoPlist.strings; sourceTree = "<group>"; };
		E51E609115F9647400D4DF27 /* MacRubyService-Prefix.pch */ = {isa = PBXFileReference; lastKnownFileType = sourcecode.c.h; path = "MacRubyService-Prefix.pch"; sourceTree = "<group>"; };
		E51E609215F9647400D4DF27 /* main.m */ = {isa = PBXFileReference; lastKnownFileType = sourcecode.c.objc; path = main.m; sourceTree = "<group>"; };
		E51E609F15F9668700D4DF27 /* MacRubyServiceProtocol.h */ = {isa = PBXFileReference; lastKnownFileType = sourcecode.c.h; name = MacRubyServiceProtocol.h; path = ../CocoaPodsApp/MacRubyServiceProtocol.h; sourceTree = "<group>"; };
		E521039015FE235500127C9B /* gems */ = {isa = PBXFileReference; lastKnownFileType = folder; name = gems; path = AppVendor/gems; sourceTree = "<group>"; };
		E521039215FE235B00127C9B /* ruby */ = {isa = PBXFileReference; lastKnownFileType = folder; name = ruby; path = AppVendor/ruby; sourceTree = "<group>"; };
		E521F73115FE221F00127C9B /* pod */ = {isa = PBXFileReference; lastKnownFileType = text.script.sh; name = pod; path = AppVendor/bin/pod; sourceTree = "<group>"; };
		E521F73215FE221F00127C9B /* ruby */ = {isa = PBXFileReference; lastKnownFileType = text.script.sh; name = ruby; path = AppVendor/bin/ruby; sourceTree = "<group>"; };
		E536203915F580E400C2D4CC /* CPSpec.h */ = {isa = PBXFileReference; fileEncoding = 4; lastKnownFileType = sourcecode.c.h; path = CPSpec.h; sourceTree = "<group>"; };
		E536203A15F580E400C2D4CC /* CPSpec.m */ = {isa = PBXFileReference; fileEncoding = 4; lastKnownFileType = sourcecode.c.objc; path = CPSpec.m; sourceTree = "<group>"; };
		E543D31D15F96F6C00A239B4 /* AbstractExportedObject.h */ = {isa = PBXFileReference; fileEncoding = 4; lastKnownFileType = sourcecode.c.h; path = AbstractExportedObject.h; sourceTree = "<group>"; };
		E543D31E15F96F6C00A239B4 /* AbstractExportedObject.m */ = {isa = PBXFileReference; fileEncoding = 4; lastKnownFileType = sourcecode.c.objc; path = AbstractExportedObject.m; sourceTree = "<group>"; };
		E54B9AE015F97DBA00AB19D3 /* MacRuby.framework */ = {isa = PBXFileReference; lastKnownFileType = wrapper.framework; name = MacRuby.framework; path = Library/Frameworks/MacRuby.framework; sourceTree = DEVELOPER_DIR; };
		E54B9AE315F97E2400AB19D3 /* rb_main.rb */ = {isa = PBXFileReference; fileEncoding = 4; lastKnownFileType = text.script.ruby; path = rb_main.rb; sourceTree = "<group>"; };
		E555F06015FD10A100167373 /* CocoaPodsApp.xcdatamodel */ = {isa = PBXFileReference; lastKnownFileType = wrapper.xcdatamodel; path = CocoaPodsApp.xcdatamodel; sourceTree = "<group>"; };
		E591DA7A15F27BB0006FB638 /* CocoaPodsApp.app */ = {isa = PBXFileReference; explicitFileType = wrapper.application; includeInIndex = 0; path = CocoaPodsApp.app; sourceTree = BUILT_PRODUCTS_DIR; };
		E591DA7E15F27BB0006FB638 /* Cocoa.framework */ = {isa = PBXFileReference; includeInIndex = 1; lastKnownFileType = wrapper.framework; name = Cocoa.framework; path = System/Library/Frameworks/Cocoa.framework; sourceTree = SDKROOT; };
		E591DA8115F27BB0006FB638 /* AppKit.framework */ = {isa = PBXFileReference; lastKnownFileType = wrapper.framework; name = AppKit.framework; path = System/Library/Frameworks/AppKit.framework; sourceTree = SDKROOT; };
		E591DA8215F27BB0006FB638 /* CoreData.framework */ = {isa = PBXFileReference; lastKnownFileType = wrapper.framework; name = CoreData.framework; path = System/Library/Frameworks/CoreData.framework; sourceTree = SDKROOT; };
		E591DA8315F27BB0006FB638 /* Foundation.framework */ = {isa = PBXFileReference; lastKnownFileType = wrapper.framework; name = Foundation.framework; path = System/Library/Frameworks/Foundation.framework; sourceTree = SDKROOT; };
		E591DA8615F27BB0006FB638 /* CocoaPodsApp-Info.plist */ = {isa = PBXFileReference; lastKnownFileType = text.plist.xml; path = "CocoaPodsApp-Info.plist"; sourceTree = "<group>"; };
		E591DA8815F27BB0006FB638 /* en */ = {isa = PBXFileReference; lastKnownFileType = text.plist.strings; name = en; path = en.lproj/InfoPlist.strings; sourceTree = "<group>"; };
		E591DA8A15F27BB0006FB638 /* main.m */ = {isa = PBXFileReference; lastKnownFileType = sourcecode.c.objc; path = main.m; sourceTree = "<group>"; };
		E591DA8C15F27BB0006FB638 /* CocoaPodsApp-Prefix.pch */ = {isa = PBXFileReference; lastKnownFileType = sourcecode.c.h; path = "CocoaPodsApp-Prefix.pch"; sourceTree = "<group>"; };
		E591DA8E15F27BB0006FB638 /* en */ = {isa = PBXFileReference; lastKnownFileType = text.rtf; name = en; path = en.lproj/Credits.rtf; sourceTree = "<group>"; };
		E591DA9015F27BB0006FB638 /* CPAppDelegate.h */ = {isa = PBXFileReference; lastKnownFileType = sourcecode.c.h; path = CPAppDelegate.h; sourceTree = "<group>"; };
		E591DA9115F27BB0006FB638 /* CPAppDelegate.m */ = {isa = PBXFileReference; lastKnownFileType = sourcecode.c.objc; path = CPAppDelegate.m; sourceTree = "<group>"; };
		E591DA9415F27BB0006FB638 /* en */ = {isa = PBXFileReference; lastKnownFileType = file.xib; name = en; path = en.lproj/MainMenu.xib; sourceTree = "<group>"; };
		E591DA9B15F27C5F006FB638 /* Icon.icns */ = {isa = PBXFileReference; lastKnownFileType = image.icns; name = Icon.icns; path = ../Icon.icns; sourceTree = "<group>"; };
		E591E21B15F297AA006FB638 /* CPPodsTableView.h */ = {isa = PBXFileReference; fileEncoding = 4; lastKnownFileType = sourcecode.c.h; path = CPPodsTableView.h; sourceTree = "<group>"; };
		E591E21C15F297AA006FB638 /* CPPodsTableView.m */ = {isa = PBXFileReference; fileEncoding = 4; lastKnownFileType = sourcecode.c.objc; path = CPPodsTableView.m; sourceTree = "<group>"; };
		E591E21F15F29A0F006FB638 /* CPSpecTableViewCell.h */ = {isa = PBXFileReference; fileEncoding = 4; lastKnownFileType = sourcecode.c.h; path = CPSpecTableViewCell.h; sourceTree = "<group>"; };
		E591E22015F29A0F006FB638 /* CPSpecTableViewCell.m */ = {isa = PBXFileReference; fileEncoding = 4; lastKnownFileType = sourcecode.c.objc; path = CPSpecTableViewCell.m; sourceTree = "<group>"; };
		E5C6F3E115FBA7CF0038976B /* exported_object.rb */ = {isa = PBXFileReference; fileEncoding = 4; lastKnownFileType = text.script.ruby; path = exported_object.rb; sourceTree = "<group>"; };
		E5C6F3E315FBB2050038976B /* ScriptingBridge.framework */ = {isa = PBXFileReference; lastKnownFileType = wrapper.framework; name = ScriptingBridge.framework; path = System/Library/Frameworks/ScriptingBridge.framework; sourceTree = SDKROOT; };
		E5C6F3E515FBB21A0038976B /* Xcode.h */ = {isa = PBXFileReference; fileEncoding = 4; lastKnownFileType = sourcecode.c.h; name = Xcode.h; path = ../Xcode.h; sourceTree = "<group>"; };
/* End PBXFileReference section */

/* Begin PBXFrameworksBuildPhase section */
		E51E608515F9647400D4DF27 /* Frameworks */ = {
			isa = PBXFrameworksBuildPhase;
			buildActionMask = 2147483647;
			files = (
				E555F02615FD0BBC00167373 /* CoreData.framework in Frameworks */,
				E54B9AE115F97DBA00AB19D3 /* MacRuby.framework in Frameworks */,
				E51E608A15F9647400D4DF27 /* Foundation.framework in Frameworks */,
			);
			runOnlyForDeploymentPostprocessing = 0;
		};
		E591DA7715F27BB0006FB638 /* Frameworks */ = {
			isa = PBXFrameworksBuildPhase;
			buildActionMask = 2147483647;
			files = (
				E5C6F3E415FBB2050038976B /* ScriptingBridge.framework in Frameworks */,
				E591DA7F15F27BB0006FB638 /* Cocoa.framework in Frameworks */,
				094B011CF38442FFB173D883 /* libPods.a in Frameworks */,
			);
			runOnlyForDeploymentPostprocessing = 0;
		};
/* End PBXFrameworksBuildPhase section */

/* Begin PBXGroup section */
		E51E608B15F9647400D4DF27 /* MacRubyService */ = {
			isa = PBXGroup;
			children = (
				E51E609F15F9668700D4DF27 /* MacRubyServiceProtocol.h */,
				E51E609215F9647400D4DF27 /* main.m */,
				E54B9AE315F97E2400AB19D3 /* rb_main.rb */,
				E5C6F3E115FBA7CF0038976B /* exported_object.rb */,
				E543D31D15F96F6C00A239B4 /* AbstractExportedObject.h */,
				E543D31E15F96F6C00A239B4 /* AbstractExportedObject.m */,
				E51E608C15F9647400D4DF27 /* Supporting Files */,
			);
			path = MacRubyService;
			sourceTree = "<group>";
		};
		E51E608C15F9647400D4DF27 /* Supporting Files */ = {
			isa = PBXGroup;
			children = (
				E51E608D15F9647400D4DF27 /* MacRubyService-Info.plist */,
				E51E608E15F9647400D4DF27 /* InfoPlist.strings */,
				E51E609115F9647400D4DF27 /* MacRubyService-Prefix.pch */,
			);
			name = "Supporting Files";
			sourceTree = "<group>";
		};
		E521036F15FE227000127C9B /* Vendor */ = {
			isa = PBXGroup;
			children = (
				E521039215FE235B00127C9B /* ruby */,
				E521039015FE235500127C9B /* gems */,
				E521038F15FE22EB00127C9B /* bin */,
			);
			name = Vendor;
			sourceTree = "<group>";
		};
		E521038F15FE22EB00127C9B /* bin */ = {
			isa = PBXGroup;
			children = (
				E521F73115FE221F00127C9B /* pod */,
				E521F73215FE221F00127C9B /* ruby */,
			);
			name = bin;
			sourceTree = "<group>";
		};
		E536203D15F580E800C2D4CC /* Model */ = {
			isa = PBXGroup;
			children = (
				E555F05F15FD10A100167373 /* CocoaPodsApp.xcdatamodeld */,
				E5C6F3E515FBB21A0038976B /* Xcode.h */,
				E536203915F580E400C2D4CC /* CPSpec.h */,
				E536203A15F580E400C2D4CC /* CPSpec.m */,
			);
			name = Model;
			sourceTree = "<group>";
		};
		E536203E15F5820D00C2D4CC /* Views */ = {
			isa = PBXGroup;
			children = (
				E591E21B15F297AA006FB638 /* CPPodsTableView.h */,
				E591E21C15F297AA006FB638 /* CPPodsTableView.m */,
				E536203F15F5821800C2D4CC /* CPPodsView */,
			);
			name = Views;
			sourceTree = "<group>";
		};
		E536203F15F5821800C2D4CC /* CPPodsView */ = {
			isa = PBXGroup;
			children = (
				E591E21F15F29A0F006FB638 /* CPSpecTableViewCell.h */,
				E591E22015F29A0F006FB638 /* CPSpecTableViewCell.m */,
			);
			name = CPPodsView;
			sourceTree = "<group>";
		};
		E591DA6F15F27BAF006FB638 = {
			isa = PBXGroup;
			children = (
				E591DA8415F27BB0006FB638 /* CocoaPodsApp */,
				E51E608B15F9647400D4DF27 /* MacRubyService */,
				E521036F15FE227000127C9B /* Vendor */,
				E591DA7D15F27BB0006FB638 /* Frameworks */,
				E591DA7B15F27BB0006FB638 /* Products */,
				C453DA64E3B8423FB942292C /* Pods.xcconfig */,
			);
			sourceTree = "<group>";
		};
		E591DA7B15F27BB0006FB638 /* Products */ = {
			isa = PBXGroup;
			children = (
				E591DA7A15F27BB0006FB638 /* CocoaPodsApp.app */,
				E51E608815F9647400D4DF27 /* org.cocoapods.macrubyservice.xpc */,
			);
			name = Products;
			sourceTree = "<group>";
		};
		E591DA7D15F27BB0006FB638 /* Frameworks */ = {
			isa = PBXGroup;
			children = (
				E591DA8115F27BB0006FB638 /* AppKit.framework */,
				E591DA8215F27BB0006FB638 /* CoreData.framework */,
				E591DA8315F27BB0006FB638 /* Foundation.framework */,
				E5C6F3E315FBB2050038976B /* ScriptingBridge.framework */,
				E54B9AE015F97DBA00AB19D3 /* MacRuby.framework */,
				E591DA7E15F27BB0006FB638 /* Cocoa.framework */,
				E51E608915F9647400D4DF27 /* Foundation.framework */,
				12CF706AD7304DBD919F6B98 /* libPods.a */,
			);
			name = Frameworks;
			sourceTree = "<group>";
		};
		E591DA8415F27BB0006FB638 /* CocoaPodsApp */ = {
			isa = PBXGroup;
			children = (
				E591DA9015F27BB0006FB638 /* CPAppDelegate.h */,
				E591DA9115F27BB0006FB638 /* CPAppDelegate.m */,
				E591DA9315F27BB0006FB638 /* MainMenu.xib */,
				E536203E15F5820D00C2D4CC /* Views */,
				E536203D15F580E800C2D4CC /* Model */,
				E591DA8515F27BB0006FB638 /* Supporting Files */,
			);
			path = CocoaPodsApp;
			sourceTree = "<group>";
		};
		E591DA8515F27BB0006FB638 /* Supporting Files */ = {
			isa = PBXGroup;
			children = (
				E591DA9B15F27C5F006FB638 /* Icon.icns */,
				E591DA8615F27BB0006FB638 /* CocoaPodsApp-Info.plist */,
				E591DA8715F27BB0006FB638 /* InfoPlist.strings */,
				E591DA8A15F27BB0006FB638 /* main.m */,
				E591DA8C15F27BB0006FB638 /* CocoaPodsApp-Prefix.pch */,
				E591DA8D15F27BB0006FB638 /* Credits.rtf */,
			);
			name = "Supporting Files";
			sourceTree = "<group>";
		};
/* End PBXGroup section */

/* Begin PBXNativeTarget section */
		E51E608715F9647400D4DF27 /* macrubyservice */ = {
			isa = PBXNativeTarget;
			buildConfigurationList = E51E609615F9647400D4DF27 /* Build configuration list for PBXNativeTarget "macrubyservice" */;
			buildPhases = (
				E51E608415F9647400D4DF27 /* Sources */,
				E51E608515F9647400D4DF27 /* Frameworks */,
				E51E608615F9647400D4DF27 /* Resources */,
				E54B9AF215F989C100AB19D3 /* ShellScript */,
			);
			buildRules = (
			);
			dependencies = (
			);
			name = macrubyservice;
			productName = MacRubyService;
			productReference = E51E608815F9647400D4DF27 /* org.cocoapods.macrubyservice.xpc */;
			productType = "com.apple.product-type.bundle";
		};
		E591DA7915F27BB0006FB638 /* CocoaPodsApp */ = {
			isa = PBXNativeTarget;
			buildConfigurationList = E591DA9815F27BB0006FB638 /* Build configuration list for PBXNativeTarget "CocoaPodsApp" */;
			buildPhases = (
				E591DA7615F27BB0006FB638 /* Sources */,
				E591DA7715F27BB0006FB638 /* Frameworks */,
				E591DA9D15F27C85006FB638 /* ShellScript */,
				E591DA7815F27BB0006FB638 /* Resources */,
				E51E609B15F9657300D4DF27 /* Copy XPC Services */,
				5947349588B741148B2BC8A5 /* Copy Pods Resources */,
				E521F73015FE221300127C9B /* Copy Ruby Executables */,
				E521F73515FE223E00127C9B /* CopyFiles */,
			);
			buildRules = (
			);
			dependencies = (
				E51E609E15F965C600D4DF27 /* PBXTargetDependency */,
			);
			name = CocoaPodsApp;
			productName = CocoaPodsApp;
			productReference = E591DA7A15F27BB0006FB638 /* CocoaPodsApp.app */;
			productType = "com.apple.product-type.application";
		};
/* End PBXNativeTarget section */

/* Begin PBXProject section */
		E591DA7115F27BAF006FB638 /* Project object */ = {
			isa = PBXProject;
			attributes = {
				CLASSPREFIX = CP;
				LastUpgradeCheck = 0440;
				ORGANIZATIONNAME = CocoaPods;
			};
			buildConfigurationList = E591DA7415F27BB0006FB638 /* Build configuration list for PBXProject "CocoaPodsApp" */;
			compatibilityVersion = "Xcode 3.2";
			developmentRegion = English;
			hasScannedForEncodings = 0;
			knownRegions = (
				en,
			);
			mainGroup = E591DA6F15F27BAF006FB638;
			productRefGroup = E591DA7B15F27BB0006FB638 /* Products */;
			projectDirPath = "";
			projectRoot = "";
			targets = (
				E591DA7915F27BB0006FB638 /* CocoaPodsApp */,
				E51E608715F9647400D4DF27 /* macrubyservice */,
			);
		};
/* End PBXProject section */

/* Begin PBXResourcesBuildPhase section */
		E51E608615F9647400D4DF27 /* Resources */ = {
			isa = PBXResourcesBuildPhase;
			buildActionMask = 2147483647;
			files = (
				E51E609015F9647400D4DF27 /* InfoPlist.strings in Resources */,
				E54B9AE915F9818C00AB19D3 /* rb_main.rb in Resources */,
				E5C6F3E215FBA7CF0038976B /* exported_object.rb in Resources */,
			);
			runOnlyForDeploymentPostprocessing = 0;
		};
		E591DA7815F27BB0006FB638 /* Resources */ = {
			isa = PBXResourcesBuildPhase;
			buildActionMask = 2147483647;
			files = (
				E591DA8915F27BB0006FB638 /* InfoPlist.strings in Resources */,
				E591DA8F15F27BB0006FB638 /* Credits.rtf in Resources */,
				E591DA9515F27BB0006FB638 /* MainMenu.xib in Resources */,
				E591DA9C15F27C5F006FB638 /* Icon.icns in Resources */,
			);
			runOnlyForDeploymentPostprocessing = 0;
		};
/* End PBXResourcesBuildPhase section */

/* Begin PBXShellScriptBuildPhase section */
		5947349588B741148B2BC8A5 /* Copy Pods Resources */ = {
			isa = PBXShellScriptBuildPhase;
			buildActionMask = 2147483647;
			files = (
			);
			inputPaths = (
			);
			name = "Copy Pods Resources";
			outputPaths = (
			);
			runOnlyForDeploymentPostprocessing = 0;
			shellPath = /bin/sh;
			shellScript = "\"${SRCROOT}/Pods/Pods-resources.sh\"\n";
		};
		E54B9AF215F989C100AB19D3 /* ShellScript */ = {
			isa = PBXShellScriptBuildPhase;
			buildActionMask = 2147483647;
			files = (
			);
			inputPaths = (
			);
			outputPaths = (
			);
			runOnlyForDeploymentPostprocessing = 0;
			shellPath = /bin/sh;
			shellScript = "";
		};
		E591DA9D15F27C85006FB638 /* ShellScript */ = {
			isa = PBXShellScriptBuildPhase;
			buildActionMask = 12;
			files = (
			);
			inputPaths = (
			);
			outputPaths = (
			);
			runOnlyForDeploymentPostprocessing = 0;
			shellPath = /bin/sh;
			shellScript = "#rake appvendor:buils_script";
		};
/* End PBXShellScriptBuildPhase section */

/* Begin PBXSourcesBuildPhase section */
		E51E608415F9647400D4DF27 /* Sources */ = {
			isa = PBXSourcesBuildPhase;
			buildActionMask = 2147483647;
			files = (
				E51E609315F9647400D4DF27 /* main.m in Sources */,
				E5844BB015F9AFF0006FA83A /* AbstractExportedObject.m in Sources */,
			);
			runOnlyForDeploymentPostprocessing = 0;
		};
		E591DA7615F27BB0006FB638 /* Sources */ = {
			isa = PBXSourcesBuildPhase;
			buildActionMask = 2147483647;
			files = (
				E591DA8B15F27BB0006FB638 /* main.m in Sources */,
				E591DA9215F27BB0006FB638 /* CPAppDelegate.m in Sources */,
				E591E21D15F297AA006FB638 /* CPPodsTableView.m in Sources */,
				E591E22115F29A0F006FB638 /* CPSpecTableViewCell.m in Sources */,
				E536203B15F580E400C2D4CC /* CPSpec.m in Sources */,
				E555F06115FD10A100167373 /* CocoaPodsApp.xcdatamodeld in Sources */,
			);
			runOnlyForDeploymentPostprocessing = 0;
		};
/* End PBXSourcesBuildPhase section */

/* Begin PBXTargetDependency section */
		E51E609E15F965C600D4DF27 /* PBXTargetDependency */ = {
			isa = PBXTargetDependency;
			target = E51E608715F9647400D4DF27 /* macrubyservice */;
			targetProxy = E51E609D15F965C600D4DF27 /* PBXContainerItemProxy */;
		};
/* End PBXTargetDependency section */

/* Begin PBXVariantGroup section */
		E51E608E15F9647400D4DF27 /* InfoPlist.strings */ = {
			isa = PBXVariantGroup;
			children = (
				E51E608F15F9647400D4DF27 /* en */,
			);
			name = InfoPlist.strings;
			sourceTree = "<group>";
		};
		E591DA8715F27BB0006FB638 /* InfoPlist.strings */ = {
			isa = PBXVariantGroup;
			children = (
				E591DA8815F27BB0006FB638 /* en */,
			);
			name = InfoPlist.strings;
			sourceTree = "<group>";
		};
		E591DA8D15F27BB0006FB638 /* Credits.rtf */ = {
			isa = PBXVariantGroup;
			children = (
				E591DA8E15F27BB0006FB638 /* en */,
			);
			name = Credits.rtf;
			sourceTree = "<group>";
		};
		E591DA9315F27BB0006FB638 /* MainMenu.xib */ = {
			isa = PBXVariantGroup;
			children = (
				E591DA9415F27BB0006FB638 /* en */,
			);
			name = MainMenu.xib;
			sourceTree = "<group>";
		};
/* End PBXVariantGroup section */

/* Begin XCBuildConfiguration section */
		E51E609415F9647400D4DF27 /* Debug */ = {
			isa = XCBuildConfiguration;
			buildSettings = {
				CLANG_ENABLE_OBJC_ARC = NO;
				COMBINE_HIDPI_IMAGES = YES;
				FRAMEWORK_SEARCH_PATHS = (
					"$(inherited)",
					"\"$(SYSTEM_APPS_DIR)/Xcode.app/Contents/Developer/Library/Frameworks\"",
					"/Library/Frameworks/**",
				);
				GCC_ENABLE_OBJC_GC = supported;
				GCC_PRECOMPILE_PREFIX_HEADER = YES;
				GCC_PREFIX_HEADER = "MacRubyService/MacRubyService-Prefix.pch";
				INFOPLIST_FILE = "MacRubyService/MacRubyService-Info.plist";
				MACH_O_TYPE = mh_execute;
				PRODUCT_NAME = "org.cocoapods.$(TARGET_NAME:rfc1034identifier)";
				WRAPPER_EXTENSION = xpc;
			};
			name = Debug;
		};
		E51E609515F9647400D4DF27 /* Release */ = {
			isa = XCBuildConfiguration;
			buildSettings = {
				CLANG_ENABLE_OBJC_ARC = NO;
				COMBINE_HIDPI_IMAGES = YES;
				FRAMEWORK_SEARCH_PATHS = (
					"$(inherited)",
					"\"$(SYSTEM_APPS_DIR)/Xcode.app/Contents/Developer/Library/Frameworks\"",
					"/Library/Frameworks/**",
				);
				GCC_ENABLE_OBJC_GC = supported;
				GCC_PRECOMPILE_PREFIX_HEADER = YES;
				GCC_PREFIX_HEADER = "MacRubyService/MacRubyService-Prefix.pch";
				INFOPLIST_FILE = "MacRubyService/MacRubyService-Info.plist";
				MACH_O_TYPE = mh_execute;
				PRODUCT_NAME = "org.cocoapods.$(TARGET_NAME:rfc1034identifier)";
				WRAPPER_EXTENSION = xpc;
			};
			name = Release;
		};
		E591DA9615F27BB0006FB638 /* Debug */ = {
			isa = XCBuildConfiguration;
			buildSettings = {
				ALWAYS_SEARCH_USER_PATHS = NO;
				ARCHS = "$(ARCHS_STANDARD_64_BIT)";
				CLANG_CXX_LANGUAGE_STANDARD = "gnu++0x";
				CLANG_ENABLE_OBJC_ARC = YES;
				CLANG_WARN__DUPLICATE_METHOD_MATCH = YES;
				COPY_PHASE_STRIP = NO;
				GCC_C_LANGUAGE_STANDARD = gnu99;
				GCC_DYNAMIC_NO_PIC = NO;
				GCC_ENABLE_OBJC_EXCEPTIONS = YES;
				GCC_OPTIMIZATION_LEVEL = 0;
				GCC_PREPROCESSOR_DEFINITIONS = (
					"DEBUG=1",
					"$(inherited)",
				);
				GCC_SYMBOLS_PRIVATE_EXTERN = NO;
				GCC_WARN_64_TO_32_BIT_CONVERSION = YES;
				GCC_WARN_ABOUT_RETURN_TYPE = YES;
				GCC_WARN_UNINITIALIZED_AUTOS = YES;
				GCC_WARN_UNUSED_VARIABLE = YES;
				MACOSX_DEPLOYMENT_TARGET = 10.8;
				ONLY_ACTIVE_ARCH = YES;
				SDKROOT = macosx;
			};
			name = Debug;
		};
		E591DA9715F27BB0006FB638 /* Release */ = {
			isa = XCBuildConfiguration;
			buildSettings = {
				ALWAYS_SEARCH_USER_PATHS = NO;
				ARCHS = "$(ARCHS_STANDARD_64_BIT)";
				CLANG_CXX_LANGUAGE_STANDARD = "gnu++0x";
				CLANG_ENABLE_OBJC_ARC = YES;
				CLANG_WARN__DUPLICATE_METHOD_MATCH = YES;
				COPY_PHASE_STRIP = YES;
				DEBUG_INFORMATION_FORMAT = "dwarf-with-dsym";
				GCC_C_LANGUAGE_STANDARD = gnu99;
				GCC_ENABLE_OBJC_EXCEPTIONS = YES;
				GCC_WARN_64_TO_32_BIT_CONVERSION = YES;
				GCC_WARN_ABOUT_RETURN_TYPE = YES;
				GCC_WARN_UNINITIALIZED_AUTOS = YES;
				GCC_WARN_UNUSED_VARIABLE = YES;
				MACOSX_DEPLOYMENT_TARGET = 10.8;
				SDKROOT = macosx;
			};
			name = Release;
		};
		E591DA9915F27BB0006FB638 /* Debug */ = {
			isa = XCBuildConfiguration;
			baseConfigurationReference = C453DA64E3B8423FB942292C /* Pods.xcconfig */;
			buildSettings = {
				COMBINE_HIDPI_IMAGES = YES;
				GCC_PRECOMPILE_PREFIX_HEADER = YES;
				GCC_PREFIX_HEADER = "CocoaPodsApp/CocoaPodsApp-Prefix.pch";
				INFOPLIST_FILE = "CocoaPodsApp/CocoaPodsApp-Info.plist";
				PRODUCT_NAME = "$(TARGET_NAME)";
				WRAPPER_EXTENSION = app;
			};
			name = Debug;
		};
		E591DA9A15F27BB0006FB638 /* Release */ = {
			isa = XCBuildConfiguration;
			baseConfigurationReference = C453DA64E3B8423FB942292C /* Pods.xcconfig */;
			buildSettings = {
				COMBINE_HIDPI_IMAGES = YES;
				GCC_PRECOMPILE_PREFIX_HEADER = YES;
				GCC_PREFIX_HEADER = "CocoaPodsApp/CocoaPodsApp-Prefix.pch";
				INFOPLIST_FILE = "CocoaPodsApp/CocoaPodsApp-Info.plist";
				PRODUCT_NAME = "$(TARGET_NAME)";
				WRAPPER_EXTENSION = app;
			};
			name = Release;
		};
/* End XCBuildConfiguration section */

/* Begin XCConfigurationList section */
		E51E609615F9647400D4DF27 /* Build configuration list for PBXNativeTarget "macrubyservice" */ = {
			isa = XCConfigurationList;
			buildConfigurations = (
				E51E609415F9647400D4DF27 /* Debug */,
				E51E609515F9647400D4DF27 /* Release */,
			);
			defaultConfigurationIsVisible = 0;
			defaultConfigurationName = Release;
		};
		E591DA7415F27BB0006FB638 /* Build configuration list for PBXProject "CocoaPodsApp" */ = {
			isa = XCConfigurationList;
			buildConfigurations = (
				E591DA9615F27BB0006FB638 /* Debug */,
				E591DA9715F27BB0006FB638 /* Release */,
			);
			defaultConfigurationIsVisible = 0;
			defaultConfigurationName = Release;
		};
		E591DA9815F27BB0006FB638 /* Build configuration list for PBXNativeTarget "CocoaPodsApp" */ = {
			isa = XCConfigurationList;
			buildConfigurations = (
				E591DA9915F27BB0006FB638 /* Debug */,
				E591DA9A15F27BB0006FB638 /* Release */,
			);
			defaultConfigurationIsVisible = 0;
			defaultConfigurationName = Release;
		};
/* End XCConfigurationList section */

/* Begin XCVersionGroup section */
		E555F05F15FD10A100167373 /* CocoaPodsApp.xcdatamodeld */ = {
			isa = XCVersionGroup;
			children = (
				E555F06015FD10A100167373 /* CocoaPodsApp.xcdatamodel */,
			);
			currentVersion = E555F06015FD10A100167373 /* CocoaPodsApp.xcdatamodel */;
			path = CocoaPodsApp.xcdatamodeld;
			sourceTree = SOURCE_ROOT;
			versionGroupType = wrapper.xcdatamodel;
		};
/* End XCVersionGroup section */
	};
	rootObject = E591DA7115F27BAF006FB638 /* Project object */;
}
